PackratFormat: 1.4
PackratVersion: 0.4.8.54
RVersion: 3.4.1
Repos: CRAN=https://cran.rstudio.com/

Package: R.methodsS3
Source: CRAN
Version: 1.7.1
Hash: 99f841ba1614c005e6672c5fb01b352a

Package: R.oo
Source: CRAN
Version: 1.21.0
Hash: d155101c5eb87d728d43e23c6902f4d5
Requires: R.methodsS3

Package: R.utils
Source: CRAN
Version: 2.6.0
Hash: 7d46f5c3a914a82db092e1404d6ae624
Requires: R.methodsS3, R.oo

Package: R6
Source: CRAN
Version: 2.2.2
Hash: b2366cd9d2f3851a5704b4e192b985c2

Package: Rcpp
Source: CRAN
Version: 0.12.15
Hash: a419463fc86b3ecc7338ae3ac3bbb268

Package: assertthat
Source: CRAN
Version: 0.2.0
Hash: e8805df54c65ac96d50235c44a82615c

Package: backports
Source: CRAN
Version: 1.1.2
Hash: 5ae7b3466e529e4400951ca18c137e40

Package: base64enc
Source: CRAN
Version: 0.1-3
Hash: c590d29e555926af053055e23ee79efb

Package: callr
Source: CRAN
Version: 1.0.0
Hash: f4152aceab8fa4f45b5bbde0dc118559

Package: cli
Source: CRAN
Version: 1.0.0
Hash: f4239f89feb7ddc65821e4514e9734ae
Requires: assertthat, crayon

Package: covr
Source: CRAN
Version: 3.0.1
Hash: aab7a1873ad3d943dd4a0ce4edbc2691
Requires: crayon, httr, jsonlite, rex, withr

Package: crayon
Source: CRAN
Version: 1.3.4
Hash: ff2840dd9b0d563fc80377a5a45510cd

Package: curl
Source: CRAN
Version: 3.1
Hash: 877149b42d479b93ab15d5cef46c0f1b

Package: devtools
Source: CRAN
Version: 1.13.4
Hash: 80a77b22f641002c7ce0343baeaee300
Requires: digest, git2r, httr, jsonlite, memoise, rstudioapi, whisker,
    withr

Package: digest
Source: CRAN
Version: 0.6.14
Hash: 8017201df840795327c67825e98b52c1

Package: evaluate
Source: CRAN
Version: 0.10.1
Hash: 54d95f4ec6d0300100413ed0127d89ae
Requires: stringr

Package: getPass
Source: CRAN
Version: 0.2-2
Hash: 0000fb79893c1b2c226fa79f6b2e60f2
Requires: rstudioapi

Package: git2r
Source: CRAN
Version: 0.21.0
Hash: 64747922e287be74e8e8b46c107fd3ef

Package: highr
Source: CRAN
Version: 0.6
Hash: aa3d5b7912b5fed4b546ed5cd2a1760b

Package: htmltools
Source: CRAN
Version: 0.3.6
Hash: f6fa1ff1db422a2c5227be30cab6c273
Requires: Rcpp, digest

Package: httr
Source: CRAN
Version: 1.3.1
Hash: 2d32e01e53d532c812052e27a1021441
Requires: R6, curl, jsonlite, mime, openssl

Package: jsonlite
Source: CRAN
Version: 1.5
Hash: 9c51936d8dd00b2f1d4fe9d10499694c

Package: knitr
Source: CRAN
Version: 1.18
Hash: 5be8a90c6aac24e7e0a4f18b829cc6e2
Requires: digest, evaluate, highr, markdown, stringr, yaml

Package: lazyeval
Source: CRAN
Version: 0.2.1
Hash: 88926ad9c43581fd0822a37c8ed09f05

Package: magrittr
Source: CRAN
Version: 1.5
Hash: bdc4d48c3135e8f3b399536ddf160df4

Package: markdown
Source: CRAN
Version: 0.8
Hash: 045d7c594d503b41f1c28946d076c8aa
Requires: mime

Package: memoise
Source: CRAN
Version: 1.1.0
Hash: 410fcd334bc626db100237cc1370f2e9
Requires: digest

Package: mime
Source: CRAN
Version: 0.5
Hash: 463550cf44fb6f0a2359368f42eebe62

Package: openssl
Source: CRAN
Version: 0.9.9
Hash: 3858537ac10388a5db1687450908f257

Package: packrat
Source: github
Version: 0.4.8-54
Hash: 1dac2676089930f2b98517851b5b0e61
GithubRepo: packrat
GithubUsername: rstudio
GithubRef: master
GithubSha1: 3eb9c1250ae4384012164a75282f6992c4aa972e

Package: plyr
Source: CRAN
Version: 1.8.4
Hash: 02588dd72bf343b964fa2fe450e0cf96
Requires: Rcpp

Package: praise
Source: CRAN
Version: 1.0.0
Hash: 77da8f1df873a4b91e5c4a68fe2fb1b6

Package: reshape2
Source: CRAN
Version: 1.4.3
Hash: d97526fe6578cabf71bb7688c601b4ba
Requires: Rcpp, plyr, stringr

Package: rex
Source: CRAN
Version: 1.1.2
Hash: 57541aaae58f1a284a398f5c62c95097
Requires: lazyeval, magrittr

Package: rlang
Source: CRAN
Version: 0.1.6
Hash: 8eb4b2dce38b8f663cb9364b28eaa76b

Package: rmarkdown
Source: CRAN
Version: 1.8
Hash: 2a7842e3cee62a79dd737d17e9e9d86b
Requires: base64enc, evaluate, htmltools, jsonlite, knitr, mime,
    rprojroot, stringr, yaml

Package: rprojroot
Source: CRAN
Version: 1.3-2
Hash: a25c3f70c166fb3fbabc410eb32b6366
Requires: backports

Package: rstudioapi
Source: CRAN
Version: 0.7
Hash: e2ebaff8160aff3e6b32e6e78a693c2d

Package: stringi
Source: CRAN
Version: 1.1.6
Hash: 4430faf2bcbe1b8de0d9be55bcfdcc0b

Package: stringr
Source: CRAN
Version: 1.2.0
Hash: 25a86d7f410513ebb7c0bc6a5e16bdc3
Requires: magrittr, stringi

Package: testthat
Source: CRAN
Version: 2.0.0
Hash: 537114b476376c5773bf3c557f5bbd19
Requires: R6, cli, crayon, digest, magrittr, praise, rlang, withr

Package: whisker
Source: CRAN
Version: 0.3-2
Hash: 803d662762e532705c2c066a82d066e7

Package: withr
Source: CRAN
Version: 2.1.1
Hash: a86856ae0b4a7c3daf9a3ef0097a403b

Package: workflowr
Source: github
Version: 0.10.0
Hash: 592da43a1932158d296d10ba5eef12a0
Requires: R.utils, callr, getPass, git2r, rmarkdown, rprojroot,
    rstudioapi, stringr, whisker, yaml
GithubRepo: workflowr
GithubUsername: jdblischak
GithubRef: master
GithubSha1: a2fa789241d7245170043c07e5af00bd8ccd6b3b

Package: yaml
Source: CRAN
Version: 2.1.16
Hash: 784ea5d8302d4a81f166a32a33c10711
